
Microsoft Visual Studio Solution File, Format Version 12.00
# Visual Studio Version 17
VisualStudioVersion = 17.2.32630.192
MinimumVisualStudioVersion = 10.0.40219.1
Project("{2150E333-8FDC-42A3-9474-1A3956D46DE8}") = "Domain", "Domain", "{530C5D4C-6EF8-4E75-9107-17B9EF35CA6E}"
EndProject
Project("{2150E333-8FDC-42A3-9474-1A3956D46DE8}") = "Infra.Bus", "Infra.Bus", "{8B34BFB7-CD42-4E13-809C-C8F47AFE1E27}"
EndProject
Project("{2150E333-8FDC-42A3-9474-1A3956D46DE8}") = "Infra.IOC", "Infra.IOC", "{1CCC0C81-FB9C-480B-8C95-2330F3251429}"
EndProject
Project("{2150E333-8FDC-42A3-9474-1A3956D46DE8}") = "Microservices", "Microservices", "{27D7BE4B-8232-4AC1-A9EA-2F9C55DF50FE}"
EndProject
Project("{2150E333-8FDC-42A3-9474-1A3956D46DE8}") = "Presentation", "Presentation", "{E9D9FC3F-ADB9-4CD4-9B60-8A2A2A96CC45}"
EndProject
Project("{FAE04EC0-301F-11D3-BF4B-00C04F79EFBC}") = "MicroRabbit.Domain.Core", "MicroRabbit.Domain.Core\MicroRabbit.Domain.Core.csproj", "{F01BDCD9-BC1A-450B-A1CC-9A49B1AF5362}"
EndProject
Project("{FAE04EC0-301F-11D3-BF4B-00C04F79EFBC}") = "MicroRabbit.Infra.Bus", "MicroRabbit.Infra.Bus\MicroRabbit.Infra.Bus.csproj", "{33A1EEF9-0A86-485B-BE1C-9865ED05E353}"
EndProject
Project("{FAE04EC0-301F-11D3-BF4B-00C04F79EFBC}") = "MicroRabbit.Infra.IoC", "MicroRabbit.Infra.IoC\MicroRabbit.Infra.IoC.csproj", "{A673707D-390F-4415-B91A-75171E3175AC}"
EndProject
Project("{2150E333-8FDC-42A3-9474-1A3956D46DE8}") = "Banking", "Banking", "{FC7F233D-192C-4DA4-95A7-B1B624474CED}"
EndProject
Project("{2150E333-8FDC-42A3-9474-1A3956D46DE8}") = "Api", "Api", "{8E29F7AE-D700-4724-922F-817FDB09D423}"
EndProject
Project("{2150E333-8FDC-42A3-9474-1A3956D46DE8}") = "Domain", "Domain", "{D64BBAC6-1743-47CE-9018-E752EEC3BBA5}"
EndProject
Project("{2150E333-8FDC-42A3-9474-1A3956D46DE8}") = "Data", "Data", "{E2C0E455-216E-4990-A984-BE11C1A63899}"
EndProject
Project("{2150E333-8FDC-42A3-9474-1A3956D46DE8}") = "Application", "Application", "{B0676E3D-EF03-4E54-9B6F-0EA37B7F42DC}"
EndProject
Project("{FAE04EC0-301F-11D3-BF4B-00C04F79EFBC}") = "MicroRabbit.Banking.Api", "MicroRabbit.Banking.Api\MicroRabbit.Banking.Api.csproj", "{73273F2B-5F76-43A4-8D81-C3F92EAC93A1}"
EndProject
Project("{FAE04EC0-301F-11D3-BF4B-00C04F79EFBC}") = "MicroRabbit.Banking.Application", "MicroRabbit.Banking.Application\MicroRabbit.Banking.Application.csproj", "{668BF695-7670-4EC6-9BA1-94CCA6EB1DA9}"
EndProject
Project("{FAE04EC0-301F-11D3-BF4B-00C04F79EFBC}") = "MicroRabbit.Banking.Data", "MicroRabbit.Banking.Data\MicroRabbit.Banking.Data.csproj", "{A6DE7323-E885-46FF-A040-ED35D55D1BDC}"
EndProject
Project("{FAE04EC0-301F-11D3-BF4B-00C04F79EFBC}") = "MicroRabbit.Banking.Domain", "MicroRabbit.Banking.Domain\MicroRabbit.Banking.Domain.csproj", "{A06B16A6-F7C1-465F-A067-F1EE63633A69}"
EndProject
Global
	GlobalSection(SolutionConfigurationPlatforms) = preSolution
		Debug|Any CPU = Debug|Any CPU
		Release|Any CPU = Release|Any CPU
	EndGlobalSection
	GlobalSection(ProjectConfigurationPlatforms) = postSolution
		{F01BDCD9-BC1A-450B-A1CC-9A49B1AF5362}.Debug|Any CPU.ActiveCfg = Debug|Any CPU
		{F01BDCD9-BC1A-450B-A1CC-9A49B1AF5362}.Debug|Any CPU.Build.0 = Debug|Any CPU
		{F01BDCD9-BC1A-450B-A1CC-9A49B1AF5362}.Release|Any CPU.ActiveCfg = Release|Any CPU
		{F01BDCD9-BC1A-450B-A1CC-9A49B1AF5362}.Release|Any CPU.Build.0 = Release|Any CPU
		{33A1EEF9-0A86-485B-BE1C-9865ED05E353}.Debug|Any CPU.ActiveCfg = Debug|Any CPU
		{33A1EEF9-0A86-485B-BE1C-9865ED05E353}.Debug|Any CPU.Build.0 = Debug|Any CPU
		{33A1EEF9-0A86-485B-BE1C-9865ED05E353}.Release|Any CPU.ActiveCfg = Release|Any CPU
		{33A1EEF9-0A86-485B-BE1C-9865ED05E353}.Release|Any CPU.Build.0 = Release|Any CPU
		{A673707D-390F-4415-B91A-75171E3175AC}.Debug|Any CPU.ActiveCfg = Debug|Any CPU
		{A673707D-390F-4415-B91A-75171E3175AC}.Debug|Any CPU.Build.0 = Debug|Any CPU
		{A673707D-390F-4415-B91A-75171E3175AC}.Release|Any CPU.ActiveCfg = Release|Any CPU
		{A673707D-390F-4415-B91A-75171E3175AC}.Release|Any CPU.Build.0 = Release|Any CPU
		{73273F2B-5F76-43A4-8D81-C3F92EAC93A1}.Debug|Any CPU.ActiveCfg = Debug|Any CPU
		{73273F2B-5F76-43A4-8D81-C3F92EAC93A1}.Debug|Any CPU.Build.0 = Debug|Any CPU
		{73273F2B-5F76-43A4-8D81-C3F92EAC93A1}.Release|Any CPU.ActiveCfg = Release|Any CPU
		{73273F2B-5F76-43A4-8D81-C3F92EAC93A1}.Release|Any CPU.Build.0 = Release|Any CPU
		{668BF695-7670-4EC6-9BA1-94CCA6EB1DA9}.Debug|Any CPU.ActiveCfg = Debug|Any CPU
		{668BF695-7670-4EC6-9BA1-94CCA6EB1DA9}.Debug|Any CPU.Build.0 = Debug|Any CPU
		{668BF695-7670-4EC6-9BA1-94CCA6EB1DA9}.Release|Any CPU.ActiveCfg = Release|Any CPU
		{668BF695-7670-4EC6-9BA1-94CCA6EB1DA9}.Release|Any CPU.Build.0 = Release|Any CPU
		{A6DE7323-E885-46FF-A040-ED35D55D1BDC}.Debug|Any CPU.ActiveCfg = Debug|Any CPU
		{A6DE7323-E885-46FF-A040-ED35D55D1BDC}.Debug|Any CPU.Build.0 = Debug|Any CPU
		{A6DE7323-E885-46FF-A040-ED35D55D1BDC}.Release|Any CPU.ActiveCfg = Release|Any CPU
		{A6DE7323-E885-46FF-A040-ED35D55D1BDC}.Release|Any CPU.Build.0 = Release|Any CPU
		{A06B16A6-F7C1-465F-A067-F1EE63633A69}.Debug|Any CPU.ActiveCfg = Debug|Any CPU
		{A06B16A6-F7C1-465F-A067-F1EE63633A69}.Debug|Any CPU.Build.0 = Debug|Any CPU
		{A06B16A6-F7C1-465F-A067-F1EE63633A69}.Release|Any CPU.ActiveCfg = Release|Any CPU
		{A06B16A6-F7C1-465F-A067-F1EE63633A69}.Release|Any CPU.Build.0 = Release|Any CPU
	EndGlobalSection
	GlobalSection(SolutionProperties) = preSolution
		HideSolutionNode = FALSE
	EndGlobalSection
	GlobalSection(NestedProjects) = preSolution
		{F01BDCD9-BC1A-450B-A1CC-9A49B1AF5362} = {530C5D4C-6EF8-4E75-9107-17B9EF35CA6E}
		{33A1EEF9-0A86-485B-BE1C-9865ED05E353} = {8B34BFB7-CD42-4E13-809C-C8F47AFE1E27}
		{A673707D-390F-4415-B91A-75171E3175AC} = {1CCC0C81-FB9C-480B-8C95-2330F3251429}
		{FC7F233D-192C-4DA4-95A7-B1B624474CED} = {27D7BE4B-8232-4AC1-A9EA-2F9C55DF50FE}
		{8E29F7AE-D700-4724-922F-817FDB09D423} = {FC7F233D-192C-4DA4-95A7-B1B624474CED}
		{D64BBAC6-1743-47CE-9018-E752EEC3BBA5} = {FC7F233D-192C-4DA4-95A7-B1B624474CED}
		{E2C0E455-216E-4990-A984-BE11C1A63899} = {FC7F233D-192C-4DA4-95A7-B1B624474CED}
		{B0676E3D-EF03-4E54-9B6F-0EA37B7F42DC} = {FC7F233D-192C-4DA4-95A7-B1B624474CED}
		{73273F2B-5F76-43A4-8D81-C3F92EAC93A1} = {8E29F7AE-D700-4724-922F-817FDB09D423}
		{668BF695-7670-4EC6-9BA1-94CCA6EB1DA9} = {B0676E3D-EF03-4E54-9B6F-0EA37B7F42DC}
		{A6DE7323-E885-46FF-A040-ED35D55D1BDC} = {E2C0E455-216E-4990-A984-BE11C1A63899}
		{A06B16A6-F7C1-465F-A067-F1EE63633A69} = {D64BBAC6-1743-47CE-9018-E752EEC3BBA5}
	EndGlobalSection
	GlobalSection(ExtensibilityGlobals) = postSolution
		SolutionGuid = {60ED89CB-20B0-441E-8639-5245C1ED8C81}
	EndGlobalSection
EndGlobal
